{
  "originHash" : "a298b2c7bcf8b36f534e5006e1989379cf7a0e5871f5d51ab7ac1c8b8342b26d",
  "pins" : [
    {
      "identity" : "keyboardshortcuts",
      "kind" : "remoteSourceControl",
      "location" : "https://github.com/sindresorhus/KeyboardShortcuts",
      "state" : {
        "revision" : "ac302e21da5883f4bd0490cbd0cb710b08740500",
        "version" : "1.15.0"
      }
    },
    {
      "identity" : "whisper.cpp",
      "kind" : "remoteSourceControl",
      "location" : "https://github.com/ggml-org/whisper.cpp.git",
      "state" : {
        "revision" : "6266a9f9e56a5b925e9892acf650f3eb1245814d"
      }
    }
  ],
  "version" : 3
}
